// !$*UTF8*$!
{
	archiveVersion = 1;
	classes = {
	};
	objectVersion = 46;
	objects = {

/* Begin PBXBuildFile section */
		29B80F931C11C34B00D22239 /* main.m in Sources */ = {isa = PBXBuildFile; fileRef = 29B80F921C11C34B00D22239 /* main.m */; };
		29B80F961C11C34B00D22239 /* AppDelegate.m in Sources */ = {isa = PBXBuildFile; fileRef = 29B80F951C11C34B00D22239 /* AppDelegate.m */; };
		29B80F991C11C34B00D22239 /* ViewController.m in Sources */ = {isa = PBXBuildFile; fileRef = 29B80F981C11C34B00D22239 /* ViewController.m */; };
		29B80F9C1C11C34B00D22239 /* Main.storyboard in Resources */ = {isa = PBXBuildFile; fileRef = 29B80F9A1C11C34B00D22239 /* Main.storyboard */; };
		29B80F9E1C11C34B00D22239 /* Images.xcassets in Resources */ = {isa = PBXBuildFile; fileRef = 29B80F9D1C11C34B00D22239 /* Images.xcassets */; };
		29B80FA11C11C34B00D22239 /* LaunchScreen.xib in Resources */ = {isa = PBXBuildFile; fileRef = 29B80F9F1C11C34B00D22239 /* LaunchScreen.xib */; };
		29B80FAD1C11C34B00D22239 /* User2Tests.m in Sources */ = {isa = PBXBuildFile; fileRef = 29B80FAC1C11C34B00D22239 /* User2Tests.m */; };
		29B80FB81C11C37900D22239 /* User.m in Sources */ = {isa = PBXBuildFile; fileRef = 29B80FB71C11C37900D22239 /* User.m */; };
/* End PBXBuildFile section */

/* Begin PBXContainerItemProxy section */
		29B80FA71C11C34B00D22239 /* PBXContainerItemProxy */ = {
			isa = PBXContainerItemProxy;
			containerPortal = 29B80F851C11C34B00D22239 /* Project object */;
			proxyType = 1;
			remoteGlobalIDString = 29B80F8C1C11C34B00D22239;
			remoteInfo = User2;
		};
/* End PBXContainerItemProxy section */

/* Begin PBXFileReference section */
		29B80F8D1C11C34B00D22239 /* User2.app */ = {isa = PBXFileReference; explicitFileType = wrapper.application; includeInIndex = 0; path = User2.app; sourceTree = BUILT_PRODUCTS_DIR; };
		29B80F911C11C34B00D22239 /* Info.plist */ = {isa = PBXFileReference; lastKnownFileType = text.plist.xml; path = Info.plist; sourceTree = "<group>"; };
		29B80F921C11C34B00D22239 /* main.m */ = {isa = PBXFileReference; lastKnownFileType = sourcecode.c.objc; path = main.m; sourceTree = "<group>"; };
		29B80F941C11C34B00D22239 /* AppDelegate.h */ = {isa = PBXFileReference; lastKnownFileType = sourcecode.c.h; path = AppDelegate.h; sourceTree = "<group>"; };
		29B80F951C11C34B00D22239 /* AppDelegate.m */ = {isa = PBXFileReference; lastKnownFileType = sourcecode.c.objc; path = AppDelegate.m; sourceTree = "<group>"; };
		29B80F971C11C34B00D22239 /* ViewController.h */ = {isa = PBXFileReference; lastKnownFileType = sourcecode.c.h; path = ViewController.h; sourceTree = "<group>"; };
		29B80F981C11C34B00D22239 /* ViewController.m */ = {isa = PBXFileReference; lastKnownFileType = sourcecode.c.objc; path = ViewController.m; sourceTree = "<group>"; };
		29B80F9B1C11C34B00D22239 /* Base */ = {isa = PBXFileReference; lastKnownFileType = file.storyboard; name = Base; path = Base.lproj/Main.storyboard; sourceTree = "<group>"; };
		29B80F9D1C11C34B00D22239 /* Images.xcassets */ = {isa = PBXFileReference; lastKnownFileType = folder.assetcatalog; path = Images.xcassets; sourceTree = "<group>"; };
		29B80FA01C11C34B00D22239 /* Base */ = {isa = PBXFileReference; lastKnownFileType = file.xib; name = Base; path = Base.lproj/LaunchScreen.xib; sourceTree = "<group>"; };
		29B80FA61C11C34B00D22239 /* User2Tests.xctest */ = {isa = PBXFileReference; explicitFileType = wrapper.cfbundle; includeInIndex = 0; path = User2Tests.xctest; sourceTree = BUILT_PRODUCTS_DIR; };
		29B80FAB1C11C34B00D22239 /* Info.plist */ = {isa = PBXFileReference; lastKnownFileType = text.plist.xml; path = Info.plist; sourceTree = "<group>"; };
		29B80FAC1C11C34B00D22239 /* User2Tests.m */ = {isa = PBXFileReference; lastKnownFileType = sourcecode.c.objc; path = User2Tests.m; sourceTree = "<group>"; };
		29B80FB61C11C37900D22239 /* User.h */ = {isa = PBXFileReference; fileEncoding = 4; lastKnownFileType = sourcecode.c.h; name = User.h; path = ../User.h; sourceTree = "<group>"; };
		29B80FB71C11C37900D22239 /* User.m */ = {isa = PBXFileReference; fileEncoding = 4; lastKnownFileType = sourcecode.c.objc; name = User.m; path = ../User.m; sourceTree = "<group>"; };
/* End PBXFileReference section */

/* Begin PBXFrameworksBuildPhase section */
		29B80F8A1C11C34B00D22239 /* Frameworks */ = {
			isa = PBXFrameworksBuildPhase;
			buildActionMask = 2147483647;
			files = (
			);
			runOnlyForDeploymentPostprocessing = 0;
		};
		29B80FA31C11C34B00D22239 /* Frameworks */ = {
			isa = PBXFrameworksBuildPhase;
			buildActionMask = 2147483647;
			files = (
			);
			runOnlyForDeploymentPostprocessing = 0;
		};
/* End PBXFrameworksBuildPhase section */

/* Begin PBXGroup section */
		29B80F841C11C34B00D22239 = {
			isa = PBXGroup;
			children = (
				29B80F8F1C11C34B00D22239 /* User2 */,
				29B80FA91C11C34B00D22239 /* User2Tests */,
				29B80F8E1C11C34B00D22239 /* Products */,
			);
			sourceTree = "<group>";
		};
		29B80F8E1C11C34B00D22239 /* Products */ = {
			isa = PBXGroup;
			children = (
				29B80F8D1C11C34B00D22239 /* User2.app */,
				29B80FA61C11C34B00D22239 /* User2Tests.xctest */,
			);
			name = Products;
			sourceTree = "<group>";
		};
		29B80F8F1C11C34B00D22239 /* User2 */ = {
			isa = PBXGroup;
			children = (
				29B80FB61C11C37900D22239 /* User.h */,
				29B80FB71C11C37900D22239 /* User.m */,
				29B80F941C11C34B00D22239 /* AppDelegate.h */,
				29B80F951C11C34B00D22239 /* AppDelegate.m */,
				29B80F971C11C34B00D22239 /* ViewController.h */,
				29B80F981C11C34B00D22239 /* ViewController.m */,
				29B80F9A1C11C34B00D22239 /* Main.storyboard */,
				29B80F9D1C11C34B00D22239 /* Images.xcassets */,
				29B80F9F1C11C34B00D22239 /* LaunchScreen.xib */,
				29B80F901C11C34B00D22239 /* Supporting Files */,
			);
			path = User2;
			sourceTree = "<group>";
		};
		29B80F901C11C34B00D22239 /* Supporting Files */ = {
			isa = PBXGroup;
			children = (
				29B80F911C11C34B00D22239 /* Info.plist */,
				29B80F921C11C34B00D22239 /* main.m */,
			);
			name = "Supporting Files";
			sourceTree = "<group>";
		};
		29B80FA91C11C34B00D22239 /* User2Tests */ = {
			isa = PBXGroup;
			children = (
				29B80FAC1C11C34B00D22239 /* User2Tests.m */,
				29B80FAA1C11C34B00D22239 /* Supporting Files */,
			);
			path = User2Tests;
			sourceTree = "<group>";
		};
		29B80FAA1C11C34B00D22239 /* Supporting Files */ = {
			isa = PBXGroup;
			children = (
				29B80FAB1C11C34B00D22239 /* Info.plist */,
			);
			name = "Supporting Files";
			sourceTree = "<group>";
		};
/* End PBXGroup section */

/* Begin PBXNativeTarget section */
		29B80F8C1C11C34B00D22239 /* User2 */ = {
			isa = PBXNativeTarget;
			buildConfigurationList = 29B80FB01C11C34B00D22239 /* Build configuration list for PBXNativeTarget "User2" */;
			buildPhases = (
				29B80F891C11C34B00D22239 /* Sources */,
				29B80F8A1C11C34B00D22239 /* Frameworks */,
				29B80F8B1C11C34B00D22239 /* Resources */,
			);
			buildRules = (
			);
			dependencies = (
			);
			name = User2;
			productName = User2;
			productReference = 29B80F8D1C11C34B00D22239 /* User2.app */;
			productType = "com.apple.product-type.application";
		};
		29B80FA51C11C34B00D22239 /* User2Tests */ = {
			isa = PBXNativeTarget;
			buildConfigurationList = 29B80FB31C11C34B00D22239 /* Build configuration list for PBXNativeTarget "User2Tests" */;
			buildPhases = (
				29B80FA21C11C34B00D22239 /* Sources */,
				29B80FA31C11C34B00D22239 /* Frameworks */,
				29B80FA41C11C34B00D22239 /* Resources */,
			);
			buildRules = (
			);
			dependencies = (
				29B80FA81C11C34B00D22239 /* PBXTargetDependency */,
			);
			name = User2Tests;
			productName = User2Tests;
			productReference = 29B80FA61C11C34B00D22239 /* User2Tests.xctest */;
			productType = "com.apple.product-type.bundle.unit-test";
		};
/* End PBXNativeTarget section */

/* Begin PBXProject section */
		29B80F851C11C34B00D22239 /* Project object */ = {
			isa = PBXProject;
			attributes = {
				LastUpgradeCheck = 0610;
				ORGANIZATIONNAME = Robco;
				TargetAttributes = {
					29B80F8C1C11C34B00D22239 = {
						CreatedOnToolsVersion = 6.1.1;
					};
					29B80FA51C11C34B00D22239 = {
						CreatedOnToolsVersion = 6.1.1;
						TestTargetID = 29B80F8C1C11C34B00D22239;
					};
				};
			};
			buildConfigurationList = 29B80F881C11C34B00D22239 /* Build configuration list for PBXProject "User2" */;
			compatibilityVersion = "Xcode 3.2";
			developmentRegion = English;
			hasScannedForEncodings = 0;
			knownRegions = (
				en,
				Base,
			);
			mainGroup = 29B80F841C11C34B00D22239;
			productRefGroup = 29B80F8E1C11C34B00D22239 /* Products */;
			projectDirPath = "";
			projectRoot = "";
			targets = (
				29B80F8C1C11C34B00D22239 /* User2 */,
				29B80FA51C11C34B00D22239 /* User2Tests */,
			);
		};
/* End PBXProject section */

/* Begin PBXResourcesBuildPhase section */
		29B80F8B1C11C34B00D22239 /* Resources */ = {
			isa = PBXResourcesBuildPhase;
			buildActionMask = 2147483647;
			files = (
				29B80F9C1C11C34B00D22239 /* Main.storyboard in Resources */,
				29B80FA11C11C34B00D22239 /* LaunchScreen.xib in Resources */,
				29B80F9E1C11C34B00D22239 /* Images.xcassets in Resources */,
			);
			runOnlyForDeploymentPostprocessing = 0;
		};
		29B80FA41C11C34B00D22239 /* Resources */ = {
			isa = PBXResourcesBuildPhase;
			buildActionMask = 2147483647;
			files = (
			);
			runOnlyForDeploymentPostprocessing = 0;
		};
/* End PBXResourcesBuildPhase section */

/* Begin PBXSourcesBuildPhase section */
		29B80F891C11C34B00D22239 /* Sources */ = {
			isa = PBXSourcesBuildPhase;
			buildActionMask = 2147483647;
			files = (
				29B80FB81C11C37900D22239 /* User.m in Sources */,
				29B80F991C11C34B00D22239 /* ViewController.m in Sources */,
				29B80F961C11C34B00D22239 /* AppDelegate.m in Sources */,
				29B80F931C11C34B00D22239 /* main.m in Sources */,
			);
			runOnlyForDeploymentPostprocessing = 0;
		};
		29B80FA21C11C34B00D22239 /* Sources */ = {
			isa = PBXSourcesBuildPhase;
			buildActionMask = 2147483647;
			files = (
				29B80FAD1C11C34B00D22239 /* User2Tests.m in Sources */,
			);
			runOnlyForDeploymentPostprocessing = 0;
		};
/* End PBXSourcesBuildPhase section */

/* Begin PBXTargetDependency section */
		29B80FA81C11C34B00D22239 /* PBXTargetDependency */ = {
			isa = PBXTargetDependency;
			target = 29B80F8C1C11C34B00D22239 /* User2 */;
			targetProxy = 29B80FA71C11C34B00D22239 /* PBXContainerItemProxy */;
		};
/* End PBXTargetDependency section */

/* Begin PBXVariantGroup section */
		29B80F9A1C11C34B00D22239 /* Main.storyboard */ = {
			isa = PBXVariantGroup;
			children = (
				29B80F9B1C11C34B00D22239 /* Base */,
			);
			name = Main.storyboard;
			sourceTree = "<group>";
		};
		29B80F9F1C11C34B00D22239 /* LaunchScreen.xib */ = {
			isa = PBXVariantGroup;
			children = (
				29B80FA01C11C34B00D22239 /* Base */,
			);
			name = LaunchScreen.xib;
			sourceTree = "<group>";
		};
/* End PBXVariantGroup section */

/* Begin XCBuildConfiguration section */
		29B80FAE1C11C34B00D22239 /* Debug */ = {
			isa = XCBuildConfiguration;
			buildSettings = {
				ALWAYS_SEARCH_USER_PATHS = NO;
				CLANG_CXX_LANGUAGE_STANDARD = "gnu++0x";
				CLANG_CXX_LIBRARY = "libc++";
				CLANG_ENABLE_MODULES = YES;
				CLANG_ENABLE_OBJC_ARC = YES;
				CLANG_WARN_BOOL_CONVERSION = YES;
				CLANG_WARN_CONSTANT_CONVERSION = YES;
				CLANG_WARN_DIRECT_OBJC_ISA_USAGE = YES_ERROR;
				CLANG_WARN_EMPTY_BODY = YES;
				CLANG_WARN_ENUM_CONVERSION = YES;
				CLANG_WARN_INT_CONVERSION = YES;
				CLANG_WARN_OBJC_ROOT_CLASS = YES_ERROR;
				CLANG_WARN_UNREACHABLE_CODE = YES;
				CLANG_WARN__DUPLICATE_METHOD_MATCH = YES;
				"CODE_SIGN_IDENTITY[sdk=iphoneos*]" = "iPhone Developer";
				COPY_PHASE_STRIP = NO;
				ENABLE_STRICT_OBJC_MSGSEND = YES;
				GCC_C_LANGUAGE_STANDARD = gnu99;
				GCC_DYNAMIC_NO_PIC = NO;
				GCC_OPTIMIZATION_LEVEL = 0;
				GCC_PREPROCESSOR_DEFINITIONS = (
					"DEBUG=1",
					"$(inherited)",
				);
				GCC_SYMBOLS_PRIVATE_EXTERN = NO;
				GCC_WARN_64_TO_32_BIT_CONVERSION = YES;
				GCC_WARN_ABOUT_RETURN_TYPE = YES_ERROR;
				GCC_WARN_UNDECLARED_SELECTOR = YES;
				GCC_WARN_UNINITIALIZED_AUTOS = YES_AGGRESSIVE;
				GCC_WARN_UNUSED_FUNCTION = YES;
				GCC_WARN_UNUSED_VARIABLE = YES;
				IPHONEOS_DEPLOYMENT_TARGET = 8.1;
				MTL_ENABLE_DEBUG_INFO = YES;
				ONLY_ACTIVE_ARCH = YES;
				SDKROOT = iphoneos;
			};
			name = Debug;
		};
		29B80FAF1C11C34B00D22239 /* Release */ = {
			isa = XCBuildConfiguration;
			buildSettings = {
				ALWAYS_SEARCH_USER_PATHS = NO;
				CLANG_CXX_LANGUAGE_STANDARD = "gnu++0x";
				CLANG_CXX_LIBRARY = "libc++";
				CLANG_ENABLE_MODULES = YES;
				CLANG_ENABLE_OBJC_ARC = YES;
				CLANG_WARN_BOOL_CONVERSION = YES;
				CLANG_WARN_CONSTANT_CONVERSION = YES;
				CLANG_WARN_DIRECT_OBJC_ISA_USAGE = YES_ERROR;
				CLANG_WARN_EMPTY_BODY = YES;
				CLANG_WARN_ENUM_CONVERSION = YES;
				CLANG_WARN_INT_CONVERSION = YES;
				CLANG_WARN_OBJC_ROOT_CLASS = YES_ERROR;
				CLANG_WARN_UNREACHABLE_CODE = YES;
				CLANG_WARN__DUPLICATE_METHOD_MATCH = YES;
				"CODE_SIGN_IDENTITY[sdk=iphoneos*]" = "iPhone Developer";
				COPY_PHASE_STRIP = YES;
				ENABLE_NS_ASSERTIONS = NO;
				ENABLE_STRICT_OBJC_MSGSEND = YES;
				GCC_C_LANGUAGE_STANDARD = gnu99;
				GCC_WARN_64_TO_32_BIT_CONVERSION = YES;
				GCC_WARN_ABOUT_RETURN_TYPE = YES_ERROR;
				GCC_WARN_UNDECLARED_SELECTOR = YES;
				GCC_WARN_UNINITIALIZED_AUTOS = YES_AGGRESSIVE;
				GCC_WARN_UNUSED_FUNCTION = YES;
				GCC_WARN_UNUSED_VARIABLE = YES;
				IPHONEOS_DEPLOYMENT_TARGET = 8.1;
				MTL_ENABLE_DEBUG_INFO = NO;
				SDKROOT = iphoneos;
				VALIDATE_PRODUCT = YES;
			};
			name = Release;
		};
		29B80FB11C11C34B00D22239 /* Debug */ = {
			isa = XCBuildConfiguration;
			buildSettings = {
				ASSETCATALOG_COMPILER_APPICON_NAME = AppIcon;
				INFOPLIST_FILE = User2/Info.plist;
				LD_RUNPATH_SEARCH_PATHS = "$(inherited) @executable_path/Frameworks";
				PRODUCT_NAME = "$(TARGET_NAME)";
			};
			name = Debug;
		};
		29B80FB21C11C34B00D22239 /* Release */ = {
			isa = XCBuildConfiguration;
			buildSettings = {
				ASSETCATALOG_COMPILER_APPICON_NAME = AppIcon;
				INFOPLIST_FILE = User2/Info.plist;
				LD_RUNPATH_SEARCH_PATHS = "$(inherited) @executable_path/Frameworks";
				PRODUCT_NAME = "$(TARGET_NAME)";
			};
			name = Release;
		};
		29B80FB41C11C34B00D22239 /* Debug */ = {
			isa = XCBuildConfiguration;
			buildSettings = {
				BUNDLE_LOADER = "$(TEST_HOST)";
				FRAMEWORK_SEARCH_PATHS = (
					"$(SDKROOT)/Developer/Library/Frameworks",
					"$(inherited)",
				);
				GCC_PREPROCESSOR_DEFINITIONS = (
					"DEBUG=1",
					"$(inherited)",
				);
				INFOPLIST_FILE = User2Tests/Info.plist;
				LD_RUNPATH_SEARCH_PATHS = "$(inherited) @executable_path/Frameworks @loader_path/Frameworks";
				PRODUCT_NAME = "$(TARGET_NAME)";
				TEST_HOST = "$(BUILT_PRODUCTS_DIR)/User2.app/User2";
			};
			name = Debug;
		};
		29B80FB51C11C34B00D22239 /* Release */ = {
			isa = XCBuildConfiguration;
			buildSettings = {
				BUNDLE_LOADER = "$(TEST_HOST)";
				FRAMEWORK_SEARCH_PATHS = (
					"$(SDKROOT)/Developer/Library/Frameworks",
					"$(inherited)",
				);
				INFOPLIST_FILE = User2Tests/Info.plist;
				LD_RUNPATH_SEARCH_PATHS = "$(inherited) @executable_path/Frameworks @loader_path/Frameworks";
				PRODUCT_NAME = "$(TARGET_NAME)";
				TEST_HOST = "$(BUILT_PRODUCTS_DIR)/User2.app/User2";
			};
			name = Release;
		};
/* End XCBuildConfiguration section */

/* Begin XCConfigurationList section */
		29B80F881C11C34B00D22239 /* Build configuration list for PBXProject "User2" */ = {
			isa = XCConfigurationList;
			buildConfigurations = (
				29B80FAE1C11C34B00D22239 /* Debug */,
				29B80FAF1C11C34B00D22239 /* Release */,
			);
			defaultConfigurationIsVisible = 0;
			defaultConfigurationName = Release;
		};
		29B80FB01C11C34B00D22239 /* Build configuration list for PBXNativeTarget "User2" */ = {
			isa = XCConfigurationList;
			buildConfigurations = (
				29B80FB11C11C34B00D22239 /* Debug */,
				29B80FB21C11C34B00D22239 /* Release */,
			);
			defaultConfigurationIsVisible = 0;
		};
		29B80FB31C11C34B00D22239 /* Build configuration list for PBXNativeTarget "User2Tests" */ = {
			isa = XCConfigurationList;
			buildConfigurations = (
				29B80FB41C11C34B00D22239 /* Debug */,
				29B80FB51C11C34B00D22239 /* Release */,
			);
			defaultConfigurationIsVisible = 0;
		};
/* End XCConfigurationList section */
	};
	rootObject = 29B80F851C11C34B00D22239 /* Project object */;
}
